
Microsoft Visual Studio Solution File, Format Version 12.00
# Visual Studio Version 16
VisualStudioVersion = 16.0.30204.135
MinimumVisualStudioVersion = 10.0.40219.1
Project("{FAE04EC0-301F-11D3-BF4B-00C04F79EFBC}") = "CasBlog", "CasBlog\CasBlog.csproj", "{F62ACB9A-EBAA-41A4-80E6-0E68E7CC96BA}"
EndProject
Global
	GlobalSection(SolutionConfigurationPlatforms) = preSolution
		Debug|Any CPU = Debug|Any CPU
		Release|Any CPU = Release|Any CPU
	EndGlobalSection
	GlobalSection(ProjectConfigurationPlatforms) = postSolution
		{F62ACB9A-EBAA-41A4-80E6-0E68E7CC96BA}.Debug|Any CPU.ActiveCfg = Debug|Any CPU
		{F62ACB9A-EBAA-41A4-80E6-0E68E7CC96BA}.Debug|Any CPU.Build.0 = Debug|Any CPU
		{F62ACB9A-EBAA-41A4-80E6-0E68E7CC96BA}.Release|Any CPU.ActiveCfg = Release|Any CPU
		{F62ACB9A-EBAA-41A4-80E6-0E68E7CC96BA}.Release|Any CPU.Build.0 = Release|Any CPU
	EndGlobalSection
	GlobalSection(SolutionProperties) = preSolution
		HideSolutionNode = FALSE
	EndGlobalSection
	GlobalSection(ExtensibilityGlobals) = postSolution
		SolutionGuid = {D500F69C-868A-487B-84D3-E9EB3FC3D5C9}
	EndGlobalSection
EndGlobal
